// !$*UTF8*$!
{
	archiveVersion = 1;
	classes = {
	};
	objectVersion = 50;
	objects = {

/* Begin PBXBuildFile section */
		9B7854E82257F55D00173E06 /* Assets.xcassets in Resources */ = {isa = PBXBuildFile; fileRef = 9B7854E72257F55D00173E06 /* Assets.xcassets */; };
		9B7C23602251D38D0011B6A0 /* AppDelegate.swift in Sources */ = {isa = PBXBuildFile; fileRef = 9B7C235F2251D38D0011B6A0 /* AppDelegate.swift */; };
		9B7C23622251D38D0011B6A0 /* ViewController.swift in Sources */ = {isa = PBXBuildFile; fileRef = 9B7C23612251D38D0011B6A0 /* ViewController.swift */; };
		9B7C23652251D38D0011B6A0 /* Main.storyboard in Resources */ = {isa = PBXBuildFile; fileRef = 9B7C23632251D38D0011B6A0 /* Main.storyboard */; };
		9B7C236A2251D38F0011B6A0 /* LaunchScreen.storyboard in Resources */ = {isa = PBXBuildFile; fileRef = 9B7C23682251D38F0011B6A0 /* LaunchScreen.storyboard */; };
		9B7C23722251D3B40011B6A0 /* Countries.json in Resources */ = {isa = PBXBuildFile; fileRef = 9B7C23712251D3B40011B6A0 /* Countries.json */; };
		9B7C23742251D3D00011B6A0 /* Country.swift in Sources */ = {isa = PBXBuildFile; fileRef = 9B7C23732251D3D00011B6A0 /* Country.swift */; };
		9B7C23762251D73F0011B6A0 /* DetailViewController.swift in Sources */ = {isa = PBXBuildFile; fileRef = 9B7C23752251D73F0011B6A0 /* DetailViewController.swift */; };
		9BB7FA002257F8F400194D7C /* WebKit.framework in Frameworks */ = {isa = PBXBuildFile; fileRef = 9BB7F9FF2257F8F400194D7C /* WebKit.framework */; };
		9BB7FA022257F9D400194D7C /* CountryAnnotation.swift in Sources */ = {isa = PBXBuildFile; fileRef = 9BB7FA012257F9D400194D7C /* CountryAnnotation.swift */; };
/* End PBXBuildFile section */

/* Begin PBXFileReference section */
		9B7854E72257F55D00173E06 /* Assets.xcassets */ = {isa = PBXFileReference; lastKnownFileType = folder.assetcatalog; path = Assets.xcassets; sourceTree = "<group>"; };
		9B7C235C2251D38D0011B6A0 /* CountryFacts.app */ = {isa = PBXFileReference; explicitFileType = wrapper.application; includeInIndex = 0; path = CountryFacts.app; sourceTree = BUILT_PRODUCTS_DIR; };
		9B7C235F2251D38D0011B6A0 /* AppDelegate.swift */ = {isa = PBXFileReference; lastKnownFileType = sourcecode.swift; path = AppDelegate.swift; sourceTree = "<group>"; };
		9B7C23612251D38D0011B6A0 /* ViewController.swift */ = {isa = PBXFileReference; lastKnownFileType = sourcecode.swift; path = ViewController.swift; sourceTree = "<group>"; };
		9B7C23642251D38D0011B6A0 /* Base */ = {isa = PBXFileReference; lastKnownFileType = file.storyboard; name = Base; path = Base.lproj/Main.storyboard; sourceTree = "<group>"; };
		9B7C23692251D38F0011B6A0 /* Base */ = {isa = PBXFileReference; lastKnownFileType = file.storyboard; name = Base; path = Base.lproj/LaunchScreen.storyboard; sourceTree = "<group>"; };
		9B7C236B2251D38F0011B6A0 /* Info.plist */ = {isa = PBXFileReference; lastKnownFileType = text.plist.xml; path = Info.plist; sourceTree = "<group>"; };
		9B7C23712251D3B40011B6A0 /* Countries.json */ = {isa = PBXFileReference; fileEncoding = 4; lastKnownFileType = text.json; path = Countries.json; sourceTree = "<group>"; };
		9B7C23732251D3D00011B6A0 /* Country.swift */ = {isa = PBXFileReference; lastKnownFileType = sourcecode.swift; path = Country.swift; sourceTree = "<group>"; };
		9B7C23752251D73F0011B6A0 /* DetailViewController.swift */ = {isa = PBXFileReference; lastKnownFileType = sourcecode.swift; path = DetailViewController.swift; sourceTree = "<group>"; };
		9BB7F9FF2257F8F400194D7C /* WebKit.framework */ = {isa = PBXFileReference; lastKnownFileType = wrapper.framework; name = WebKit.framework; path = System/Library/Frameworks/WebKit.framework; sourceTree = SDKROOT; };
		9BB7FA012257F9D400194D7C /* CountryAnnotation.swift */ = {isa = PBXFileReference; lastKnownFileType = sourcecode.swift; path = CountryAnnotation.swift; sourceTree = "<group>"; };
/* End PBXFileReference section */

/* Begin PBXFrameworksBuildPhase section */
		9B7C23592251D38D0011B6A0 /* Frameworks */ = {
			isa = PBXFrameworksBuildPhase;
			buildActionMask = 2147483647;
			files = (
				9BB7FA002257F8F400194D7C /* WebKit.framework in Frameworks */,
			);
			runOnlyForDeploymentPostprocessing = 0;
		};
/* End PBXFrameworksBuildPhase section */

/* Begin PBXGroup section */
		9B7C23532251D38D0011B6A0 = {
			isa = PBXGroup;
			children = (
				9B7C235E2251D38D0011B6A0 /* CountryFacts */,
				9B7C235D2251D38D0011B6A0 /* Products */,
				9BB7F9FE2257F8F300194D7C /* Frameworks */,
			);
			sourceTree = "<group>";
		};
		9B7C235D2251D38D0011B6A0 /* Products */ = {
			isa = PBXGroup;
			children = (
				9B7C235C2251D38D0011B6A0 /* CountryFacts.app */,
			);
			name = Products;
			sourceTree = "<group>";
		};
		9B7C235E2251D38D0011B6A0 /* CountryFacts */ = {
			isa = PBXGroup;
			children = (
				9B7C235F2251D38D0011B6A0 /* AppDelegate.swift */,
				9B7C23612251D38D0011B6A0 /* ViewController.swift */,
				9B7C23752251D73F0011B6A0 /* DetailViewController.swift */,
				9B7C23632251D38D0011B6A0 /* Main.storyboard */,
				9B7C23682251D38F0011B6A0 /* LaunchScreen.storyboard */,
				9B7C236B2251D38F0011B6A0 /* Info.plist */,
				9B7C23732251D3D00011B6A0 /* Country.swift */,
				9B7C23712251D3B40011B6A0 /* Countries.json */,
				9BB7FA012257F9D400194D7C /* CountryAnnotation.swift */,
				9B7854E72257F55D00173E06 /* Assets.xcassets */,
			);
			path = CountryFacts;
			sourceTree = "<group>";
		};
		9BB7F9FE2257F8F300194D7C /* Frameworks */ = {
			isa = PBXGroup;
			children = (
				9BB7F9FF2257F8F400194D7C /* WebKit.framework */,
			);
			name = Frameworks;
			sourceTree = "<group>";
		};
/* End PBXGroup section */

/* Begin PBXNativeTarget section */
		9B7C235B2251D38D0011B6A0 /* CountryFacts */ = {
			isa = PBXNativeTarget;
			buildConfigurationList = 9B7C236E2251D38F0011B6A0 /* Build configuration list for PBXNativeTarget "CountryFacts" */;
			buildPhases = (
				9B7C23582251D38D0011B6A0 /* Sources */,
				9B7C23592251D38D0011B6A0 /* Frameworks */,
				9B7C235A2251D38D0011B6A0 /* Resources */,
			);
			buildRules = (
			);
			dependencies = (
			);
			name = CountryFacts;
			productName = CountryFacts;
			productReference = 9B7C235C2251D38D0011B6A0 /* CountryFacts.app */;
			productType = "com.apple.product-type.application";
		};
/* End PBXNativeTarget section */

/* Begin PBXProject section */
		9B7C23542251D38D0011B6A0 /* Project object */ = {
			isa = PBXProject;
			attributes = {
				LastSwiftUpdateCheck = 1020;
				LastUpgradeCheck = 1020;
				ORGANIZATIONNAME = "Rob Baldwin";
				TargetAttributes = {
					9B7C235B2251D38D0011B6A0 = {
						CreatedOnToolsVersion = 10.2;
					};
				};
			};
			buildConfigurationList = 9B7C23572251D38D0011B6A0 /* Build configuration list for PBXProject "CountryFacts" */;
			compatibilityVersion = "Xcode 9.3";
			developmentRegion = en;
			hasScannedForEncodings = 0;
			knownRegions = (
				en,
				Base,
			);
			mainGroup = 9B7C23532251D38D0011B6A0;
			productRefGroup = 9B7C235D2251D38D0011B6A0 /* Products */;
			projectDirPath = "";
			projectRoot = "";
			targets = (
				9B7C235B2251D38D0011B6A0 /* CountryFacts */,
			);
		};
/* End PBXProject section */

/* Begin PBXResourcesBuildPhase section */
		9B7C235A2251D38D0011B6A0 /* Resources */ = {
			isa = PBXResourcesBuildPhase;
			buildActionMask = 2147483647;
			files = (
				9B7C236A2251D38F0011B6A0 /* LaunchScreen.storyboard in Resources */,
				9B7C23722251D3B40011B6A0 /* Countries.json in Resources */,
				9B7854E82257F55D00173E06 /* Assets.xcassets in Resources */,
				9B7C23652251D38D0011B6A0 /* Main.storyboard in Resources */,
			);
			runOnlyForDeploymentPostprocessing = 0;
		};
/* End PBXResourcesBuildPhase section */

/* Begin PBXSourcesBuildPhase section */
		9B7C23582251D38D0011B6A0 /* Sources */ = {
			isa = PBXSourcesBuildPhase;
			buildActionMask = 2147483647;
			files = (
				9B7C23622251D38D0011B6A0 /* ViewController.swift in Sources */,
				9B7C23742251D3D00011B6A0 /* Country.swift in Sources */,
				9B7C23602251D38D0011B6A0 /* AppDelegate.swift in Sources */,
				9B7C23762251D73F0011B6A0 /* DetailViewController.swift in Sources */,
				9BB7FA022257F9D400194D7C /* CountryAnnotation.swift in Sources */,
			);
			runOnlyForDeploymentPostprocessing = 0;
		};
/* End PBXSourcesBuildPhase section */

/* Begin PBXVariantGroup section */
		9B7C23632251D38D0011B6A0 /* Main.storyboard */ = {
			isa = PBXVariantGroup;
			children = (
				9B7C23642251D38D0011B6A0 /* Base */,
			);
			name = Main.storyboard;
			sourceTree = "<group>";
		};
		9B7C23682251D38F0011B6A0 /* LaunchScreen.storyboard */ = {
			isa = PBXVariantGroup;
			children = (
				9B7C23692251D38F0011B6A0 /* Base */,
			);
			name = LaunchScreen.storyboard;
			sourceTree = "<group>";
		};
/* End PBXVariantGroup section */

/* Begin XCBuildConfiguration section */
		9B7C236C2251D38F0011B6A0 /* Debug */ = {
			isa = XCBuildConfiguration;
			buildSettings = {
				ALWAYS_SEARCH_USER_PATHS = NO;
				CLANG_ANALYZER_NONNULL = YES;
				CLANG_ANALYZER_NUMBER_OBJECT_CONVERSION = YES_AGGRESSIVE;
				CLANG_CXX_LANGUAGE_STANDARD = "gnu++14";
				CLANG_CXX_LIBRARY = "libc++";
				CLANG_ENABLE_MODULES = YES;
				CLANG_ENABLE_OBJC_ARC = YES;
				CLANG_ENABLE_OBJC_WEAK = YES;
				CLANG_WARN_BLOCK_CAPTURE_AUTORELEASING = YES;
				CLANG_WARN_BOOL_CONVERSION = YES;
				CLANG_WARN_COMMA = YES;
				CLANG_WARN_CONSTANT_CONVERSION = YES;
				CLANG_WARN_DEPRECATED_OBJC_IMPLEMENTATIONS = YES;
				CLANG_WARN_DIRECT_OBJC_ISA_USAGE = YES_ERROR;
				CLANG_WARN_DOCUMENTATION_COMMENTS = YES;
				CLANG_WARN_EMPTY_BODY = YES;
				CLANG_WARN_ENUM_CONVERSION = YES;
				CLANG_WARN_INFINITE_RECURSION = YES;
				CLANG_WARN_INT_CONVERSION = YES;
				CLANG_WARN_NON_LITERAL_NULL_CONVERSION = YES;
				CLANG_WARN_OBJC_IMPLICIT_RETAIN_SELF = YES;
				CLANG_WARN_OBJC_LITERAL_CONVERSION = YES;
				CLANG_WARN_OBJC_ROOT_CLASS = YES_ERROR;
				CLANG_WARN_RANGE_LOOP_ANALYSIS = YES;
				CLANG_WARN_STRICT_PROTOTYPES = YES;
				CLANG_WARN_SUSPICIOUS_MOVE = YES;
				CLANG_WARN_UNGUARDED_AVAILABILITY = YES_AGGRESSIVE;
				CLANG_WARN_UNREACHABLE_CODE = YES;
				CLANG_WARN__DUPLICATE_METHOD_MATCH = YES;
				CODE_SIGN_IDENTITY = "iPhone Developer";
				COPY_PHASE_STRIP = NO;
				DEBUG_INFORMATION_FORMAT = dwarf;
				ENABLE_STRICT_OBJC_MSGSEND = YES;
				ENABLE_TESTABILITY = YES;
				GCC_C_LANGUAGE_STANDARD = gnu11;
				GCC_DYNAMIC_NO_PIC = NO;
				GCC_NO_COMMON_BLOCKS = YES;
				GCC_OPTIMIZATION_LEVEL = 0;
				GCC_PREPROCESSOR_DEFINITIONS = (
					"DEBUG=1",
					"$(inherited)",
				);
				GCC_WARN_64_TO_32_BIT_CONVERSION = YES;
				GCC_WARN_ABOUT_RETURN_TYPE = YES_ERROR;
				GCC_WARN_UNDECLARED_SELECTOR = YES;
				GCC_WARN_UNINITIALIZED_AUTOS = YES_AGGRESSIVE;
				GCC_WARN_UNUSED_FUNCTION = YES;
				GCC_WARN_UNUSED_VARIABLE = YES;
				IPHONEOS_DEPLOYMENT_TARGET = 12.2;
				MTL_ENABLE_DEBUG_INFO = INCLUDE_SOURCE;
				MTL_FAST_MATH = YES;
				ONLY_ACTIVE_ARCH = YES;
				SDKROOT = iphoneos;
				SWIFT_ACTIVE_COMPILATION_CONDITIONS = DEBUG;
				SWIFT_OPTIMIZATION_LEVEL = "-Onone";
			};
			name = Debug;
		};
		9B7C236D2251D38F0011B6A0 /* Release */ = {
			isa = XCBuildConfiguration;
			buildSettings = {
				ALWAYS_SEARCH_USER_PATHS = NO;
				CLANG_ANALYZER_NONNULL = YES;
				CLANG_ANALYZER_NUMBER_OBJECT_CONVERSION = YES_AGGRESSIVE;
				CLANG_CXX_LANGUAGE_STANDARD = "gnu++14";
				CLANG_CXX_LIBRARY = "libc++";
				CLANG_ENABLE_MODULES = YES;
				CLANG_ENABLE_OBJC_ARC = YES;
				CLANG_ENABLE_OBJC_WEAK = YES;
				CLANG_WARN_BLOCK_CAPTURE_AUTORELEASING = YES;
				CLANG_WARN_BOOL_CONVERSION = YES;
				CLANG_WARN_COMMA = YES;
				CLANG_WARN_CONSTANT_CONVERSION = YES;
				CLANG_WARN_DEPRECATED_OBJC_IMPLEMENTATIONS = YES;
				CLANG_WARN_DIRECT_OBJC_ISA_USAGE = YES_ERROR;
				CLANG_WARN_DOCUMENTATION_COMMENTS = YES;
				CLANG_WARN_EMPTY_BODY = YES;
				CLANG_WARN_ENUM_CONVERSION = YES;
				CLANG_WARN_INFINITE_RECURSION = YES;
				CLANG_WARN_INT_CONVERSION = YES;
				CLANG_WARN_NON_LITERAL_NULL_CONVERSION = YES;
				CLANG_WARN_OBJC_IMPLICIT_RETAIN_SELF = YES;
				CLANG_WARN_OBJC_LITERAL_CONVERSION = YES;
				CLANG_WARN_OBJC_ROOT_CLASS = YES_ERROR;
				CLANG_WARN_RANGE_LOOP_ANALYSIS = YES;
				CLANG_WARN_STRICT_PROTOTYPES = YES;
				CLANG_WARN_SUSPICIOUS_MOVE = YES;
				CLANG_WARN_UNGUARDED_AVAILABILITY = YES_AGGRESSIVE;
				CLANG_WARN_UNREACHABLE_CODE = YES;
				CLANG_WARN__DUPLICATE_METHOD_MATCH = YES;
				CODE_SIGN_IDENTITY = "iPhone Developer";
				COPY_PHASE_STRIP = NO;
				DEBUG_INFORMATION_FORMAT = "dwarf-with-dsym";
				ENABLE_NS_ASSERTIONS = NO;
				ENABLE_STRICT_OBJC_MSGSEND = YES;
				GCC_C_LANGUAGE_STANDARD = gnu11;
				GCC_NO_COMMON_BLOCKS = YES;
				GCC_WARN_64_TO_32_BIT_CONVERSION = YES;
				GCC_WARN_ABOUT_RETURN_TYPE = YES_ERROR;
				GCC_WARN_UNDECLARED_SELECTOR = YES;
				GCC_WARN_UNINITIALIZED_AUTOS = YES_AGGRESSIVE;
				GCC_WARN_UNUSED_FUNCTION = YES;
				GCC_WARN_UNUSED_VARIABLE = YES;
				IPHONEOS_DEPLOYMENT_TARGET = 12.2;
				MTL_ENABLE_DEBUG_INFO = NO;
				MTL_FAST_MATH = YES;
				SDKROOT = iphoneos;
				SWIFT_COMPILATION_MODE = wholemodule;
				SWIFT_OPTIMIZATION_LEVEL = "-O";
				VALIDATE_PRODUCT = YES;
			};
			name = Release;
		};
		9B7C236F2251D38F0011B6A0 /* Debug */ = {
			isa = XCBuildConfiguration;
			buildSettings = {
				ASSETCATALOG_COMPILER_APPICON_NAME = AppIcon;
				CODE_SIGN_STYLE = Automatic;
				DEVELOPMENT_TEAM = 47UHAV43Z9;
				FRAMEWORK_SEARCH_PATHS = (
					"$(inherited)",
					"$(PROJECT_DIR)",
				);
				INFOPLIST_FILE = CountryFacts/Info.plist;
				LD_RUNPATH_SEARCH_PATHS = (
					"$(inherited)",
					"@executable_path/Frameworks",
				);
				PRODUCT_BUNDLE_IDENTIFIER = com.robbaldwin.CountryFacts;
				PRODUCT_NAME = "$(TARGET_NAME)";
				SWIFT_VERSION = 5.0;
				TARGETED_DEVICE_FAMILY = "1,2";
			};
			name = Debug;
		};
		9B7C23702251D38F0011B6A0 /* Release */ = {
			isa = XCBuildConfiguration;
			buildSettings = {
				ASSETCATALOG_COMPILER_APPICON_NAME = AppIcon;
				CODE_SIGN_STYLE = Automatic;
				DEVELOPMENT_TEAM = 47UHAV43Z9;
				FRAMEWORK_SEARCH_PATHS = (
					"$(inherited)",
					"$(PROJECT_DIR)",
				);
				INFOPLIST_FILE = CountryFacts/Info.plist;
				LD_RUNPATH_SEARCH_PATHS = (
					"$(inherited)",
					"@executable_path/Frameworks",
				);
				PRODUCT_BUNDLE_IDENTIFIER = com.robbaldwin.CountryFacts;
				PRODUCT_NAME = "$(TARGET_NAME)";
				SWIFT_VERSION = 5.0;
				TARGETED_DEVICE_FAMILY = "1,2";
			};
			name = Release;
		};
/* End XCBuildConfiguration section */

/* Begin XCConfigurationList section */
		9B7C23572251D38D0011B6A0 /* Build configuration list for PBXProject "CountryFacts" */ = {
			isa = XCConfigurationList;
			buildConfigurations = (
				9B7C236C2251D38F0011B6A0 /* Debug */,
				9B7C236D2251D38F0011B6A0 /* Release */,
			);
			defaultConfigurationIsVisible = 0;
			defaultConfigurationName = Release;
		};
		9B7C236E2251D38F0011B6A0 /* Build configuration list for PBXNativeTarget "CountryFacts" */ = {
			isa = XCConfigurationList;
			buildConfigurations = (
				9B7C236F2251D38F0011B6A0 /* Debug */,
				9B7C23702251D38F0011B6A0 /* Release */,
			);
			defaultConfigurationIsVisible = 0;
			defaultConfigurationName = Release;
		};
/* End XCConfigurationList section */
	};
	rootObject = 9B7C23542251D38D0011B6A0 /* Project object */;
}
