// !$*UTF8*$!
{
	archiveVersion = 1;
	classes = {
	};
	objectVersion = 50;
	objects = {

/* Begin PBXBuildFile section */
		9B3C14C1223EDD58008DA9DA /* AppDelegate.swift in Sources */ = {isa = PBXBuildFile; fileRef = 9B3C14C0223EDD58008DA9DA /* AppDelegate.swift */; };
		9B3C14C3223EDD58008DA9DA /* ViewController.swift in Sources */ = {isa = PBXBuildFile; fileRef = 9B3C14C2223EDD58008DA9DA /* ViewController.swift */; };
		9B3C14C6223EDD58008DA9DA /* Main.storyboard in Resources */ = {isa = PBXBuildFile; fileRef = 9B3C14C4223EDD58008DA9DA /* Main.storyboard */; };
		9B3C14C8223EDD59008DA9DA /* Assets.xcassets in Resources */ = {isa = PBXBuildFile; fileRef = 9B3C14C7223EDD59008DA9DA /* Assets.xcassets */; };
		9B3C14CB223EDD59008DA9DA /* LaunchScreen.storyboard in Resources */ = {isa = PBXBuildFile; fileRef = 9B3C14C9223EDD59008DA9DA /* LaunchScreen.storyboard */; };
		9B3C14D3223EE093008DA9DA /* DetailViewController.swift in Sources */ = {isa = PBXBuildFile; fileRef = 9B3C14D2223EE093008DA9DA /* DetailViewController.swift */; };
		9B3C14D5223EE0C8008DA9DA /* NASAPhoto.swift in Sources */ = {isa = PBXBuildFile; fileRef = 9B3C14D4223EE0C8008DA9DA /* NASAPhoto.swift */; };
		9B3C14D7223EE1C4008DA9DA /* NASAPhotoCell.swift in Sources */ = {isa = PBXBuildFile; fileRef = 9B3C14D6223EE1C4008DA9DA /* NASAPhotoCell.swift */; };
/* End PBXBuildFile section */

/* Begin PBXFileReference section */
		9B3C14BD223EDD58008DA9DA /* NASA-Apod.app */ = {isa = PBXFileReference; explicitFileType = wrapper.application; includeInIndex = 0; path = "NASA-Apod.app"; sourceTree = BUILT_PRODUCTS_DIR; };
		9B3C14C0223EDD58008DA9DA /* AppDelegate.swift */ = {isa = PBXFileReference; lastKnownFileType = sourcecode.swift; path = AppDelegate.swift; sourceTree = "<group>"; };
		9B3C14C2223EDD58008DA9DA /* ViewController.swift */ = {isa = PBXFileReference; lastKnownFileType = sourcecode.swift; path = ViewController.swift; sourceTree = "<group>"; };
		9B3C14C5223EDD58008DA9DA /* Base */ = {isa = PBXFileReference; lastKnownFileType = file.storyboard; name = Base; path = Base.lproj/Main.storyboard; sourceTree = "<group>"; };
		9B3C14C7223EDD59008DA9DA /* Assets.xcassets */ = {isa = PBXFileReference; lastKnownFileType = folder.assetcatalog; path = Assets.xcassets; sourceTree = "<group>"; };
		9B3C14CA223EDD59008DA9DA /* Base */ = {isa = PBXFileReference; lastKnownFileType = file.storyboard; name = Base; path = Base.lproj/LaunchScreen.storyboard; sourceTree = "<group>"; };
		9B3C14CC223EDD59008DA9DA /* Info.plist */ = {isa = PBXFileReference; lastKnownFileType = text.plist.xml; path = Info.plist; sourceTree = "<group>"; };
		9B3C14D2223EE093008DA9DA /* DetailViewController.swift */ = {isa = PBXFileReference; lastKnownFileType = sourcecode.swift; path = DetailViewController.swift; sourceTree = "<group>"; };
		9B3C14D4223EE0C8008DA9DA /* NASAPhoto.swift */ = {isa = PBXFileReference; lastKnownFileType = sourcecode.swift; path = NASAPhoto.swift; sourceTree = "<group>"; };
		9B3C14D6223EE1C4008DA9DA /* NASAPhotoCell.swift */ = {isa = PBXFileReference; lastKnownFileType = sourcecode.swift; path = NASAPhotoCell.swift; sourceTree = "<group>"; };
/* End PBXFileReference section */

/* Begin PBXFrameworksBuildPhase section */
		9B3C14BA223EDD58008DA9DA /* Frameworks */ = {
			isa = PBXFrameworksBuildPhase;
			buildActionMask = 2147483647;
			files = (
			);
			runOnlyForDeploymentPostprocessing = 0;
		};
/* End PBXFrameworksBuildPhase section */

/* Begin PBXGroup section */
		9B3C14B4223EDD57008DA9DA = {
			isa = PBXGroup;
			children = (
				9B3C14BF223EDD58008DA9DA /* NASA-Apod */,
				9B3C14BE223EDD58008DA9DA /* Products */,
			);
			sourceTree = "<group>";
		};
		9B3C14BE223EDD58008DA9DA /* Products */ = {
			isa = PBXGroup;
			children = (
				9B3C14BD223EDD58008DA9DA /* NASA-Apod.app */,
			);
			name = Products;
			sourceTree = "<group>";
		};
		9B3C14BF223EDD58008DA9DA /* NASA-Apod */ = {
			isa = PBXGroup;
			children = (
				9B3C14C0223EDD58008DA9DA /* AppDelegate.swift */,
				9B3C14C2223EDD58008DA9DA /* ViewController.swift */,
				9B3C14D2223EE093008DA9DA /* DetailViewController.swift */,
				9B3C14C4223EDD58008DA9DA /* Main.storyboard */,
				9B3C14C7223EDD59008DA9DA /* Assets.xcassets */,
				9B3C14C9223EDD59008DA9DA /* LaunchScreen.storyboard */,
				9B3C14CC223EDD59008DA9DA /* Info.plist */,
				9B3C14D4223EE0C8008DA9DA /* NASAPhoto.swift */,
				9B3C14D6223EE1C4008DA9DA /* NASAPhotoCell.swift */,
			);
			path = "NASA-Apod";
			sourceTree = "<group>";
		};
/* End PBXGroup section */

/* Begin PBXNativeTarget section */
		9B3C14BC223EDD58008DA9DA /* NASA-Apod */ = {
			isa = PBXNativeTarget;
			buildConfigurationList = 9B3C14CF223EDD59008DA9DA /* Build configuration list for PBXNativeTarget "NASA-Apod" */;
			buildPhases = (
				9B3C14B9223EDD58008DA9DA /* Sources */,
				9B3C14BA223EDD58008DA9DA /* Frameworks */,
				9B3C14BB223EDD58008DA9DA /* Resources */,
			);
			buildRules = (
			);
			dependencies = (
			);
			name = "NASA-Apod";
			productName = "NASA-Apod";
			productReference = 9B3C14BD223EDD58008DA9DA /* NASA-Apod.app */;
			productType = "com.apple.product-type.application";
		};
/* End PBXNativeTarget section */

/* Begin PBXProject section */
		9B3C14B5223EDD57008DA9DA /* Project object */ = {
			isa = PBXProject;
			attributes = {
				LastSwiftUpdateCheck = 1010;
				LastUpgradeCheck = 1010;
				ORGANIZATIONNAME = "Rob Baldwin";
				TargetAttributes = {
					9B3C14BC223EDD58008DA9DA = {
						CreatedOnToolsVersion = 10.1;
					};
				};
			};
			buildConfigurationList = 9B3C14B8223EDD57008DA9DA /* Build configuration list for PBXProject "NASA-Apod" */;
			compatibilityVersion = "Xcode 9.3";
			developmentRegion = en;
			hasScannedForEncodings = 0;
			knownRegions = (
				en,
				Base,
			);
			mainGroup = 9B3C14B4223EDD57008DA9DA;
			productRefGroup = 9B3C14BE223EDD58008DA9DA /* Products */;
			projectDirPath = "";
			projectRoot = "";
			targets = (
				9B3C14BC223EDD58008DA9DA /* NASA-Apod */,
			);
		};
/* End PBXProject section */

/* Begin PBXResourcesBuildPhase section */
		9B3C14BB223EDD58008DA9DA /* Resources */ = {
			isa = PBXResourcesBuildPhase;
			buildActionMask = 2147483647;
			files = (
				9B3C14CB223EDD59008DA9DA /* LaunchScreen.storyboard in Resources */,
				9B3C14C8223EDD59008DA9DA /* Assets.xcassets in Resources */,
				9B3C14C6223EDD58008DA9DA /* Main.storyboard in Resources */,
			);
			runOnlyForDeploymentPostprocessing = 0;
		};
/* End PBXResourcesBuildPhase section */

/* Begin PBXSourcesBuildPhase section */
		9B3C14B9223EDD58008DA9DA /* Sources */ = {
			isa = PBXSourcesBuildPhase;
			buildActionMask = 2147483647;
			files = (
				9B3C14D3223EE093008DA9DA /* DetailViewController.swift in Sources */,
				9B3C14C3223EDD58008DA9DA /* ViewController.swift in Sources */,
				9B3C14C1223EDD58008DA9DA /* AppDelegate.swift in Sources */,
				9B3C14D5223EE0C8008DA9DA /* NASAPhoto.swift in Sources */,
				9B3C14D7223EE1C4008DA9DA /* NASAPhotoCell.swift in Sources */,
			);
			runOnlyForDeploymentPostprocessing = 0;
		};
/* End PBXSourcesBuildPhase section */

/* Begin PBXVariantGroup section */
		9B3C14C4223EDD58008DA9DA /* Main.storyboard */ = {
			isa = PBXVariantGroup;
			children = (
				9B3C14C5223EDD58008DA9DA /* Base */,
			);
			name = Main.storyboard;
			sourceTree = "<group>";
		};
		9B3C14C9223EDD59008DA9DA /* LaunchScreen.storyboard */ = {
			isa = PBXVariantGroup;
			children = (
				9B3C14CA223EDD59008DA9DA /* Base */,
			);
			name = LaunchScreen.storyboard;
			sourceTree = "<group>";
		};
/* End PBXVariantGroup section */

/* Begin XCBuildConfiguration section */
		9B3C14CD223EDD59008DA9DA /* Debug */ = {
			isa = XCBuildConfiguration;
			buildSettings = {
				ALWAYS_SEARCH_USER_PATHS = NO;
				CLANG_ANALYZER_NONNULL = YES;
				CLANG_ANALYZER_NUMBER_OBJECT_CONVERSION = YES_AGGRESSIVE;
				CLANG_CXX_LANGUAGE_STANDARD = "gnu++14";
				CLANG_CXX_LIBRARY = "libc++";
				CLANG_ENABLE_MODULES = YES;
				CLANG_ENABLE_OBJC_ARC = YES;
				CLANG_ENABLE_OBJC_WEAK = YES;
				CLANG_WARN_BLOCK_CAPTURE_AUTORELEASING = YES;
				CLANG_WARN_BOOL_CONVERSION = YES;
				CLANG_WARN_COMMA = YES;
				CLANG_WARN_CONSTANT_CONVERSION = YES;
				CLANG_WARN_DEPRECATED_OBJC_IMPLEMENTATIONS = YES;
				CLANG_WARN_DIRECT_OBJC_ISA_USAGE = YES_ERROR;
				CLANG_WARN_DOCUMENTATION_COMMENTS = YES;
				CLANG_WARN_EMPTY_BODY = YES;
				CLANG_WARN_ENUM_CONVERSION = YES;
				CLANG_WARN_INFINITE_RECURSION = YES;
				CLANG_WARN_INT_CONVERSION = YES;
				CLANG_WARN_NON_LITERAL_NULL_CONVERSION = YES;
				CLANG_WARN_OBJC_IMPLICIT_RETAIN_SELF = YES;
				CLANG_WARN_OBJC_LITERAL_CONVERSION = YES;
				CLANG_WARN_OBJC_ROOT_CLASS = YES_ERROR;
				CLANG_WARN_RANGE_LOOP_ANALYSIS = YES;
				CLANG_WARN_STRICT_PROTOTYPES = YES;
				CLANG_WARN_SUSPICIOUS_MOVE = YES;
				CLANG_WARN_UNGUARDED_AVAILABILITY = YES_AGGRESSIVE;
				CLANG_WARN_UNREACHABLE_CODE = YES;
				CLANG_WARN__DUPLICATE_METHOD_MATCH = YES;
				CODE_SIGN_IDENTITY = "iPhone Developer";
				COPY_PHASE_STRIP = NO;
				DEBUG_INFORMATION_FORMAT = dwarf;
				ENABLE_STRICT_OBJC_MSGSEND = YES;
				ENABLE_TESTABILITY = YES;
				GCC_C_LANGUAGE_STANDARD = gnu11;
				GCC_DYNAMIC_NO_PIC = NO;
				GCC_NO_COMMON_BLOCKS = YES;
				GCC_OPTIMIZATION_LEVEL = 0;
				GCC_PREPROCESSOR_DEFINITIONS = (
					"DEBUG=1",
					"$(inherited)",
				);
				GCC_WARN_64_TO_32_BIT_CONVERSION = YES;
				GCC_WARN_ABOUT_RETURN_TYPE = YES_ERROR;
				GCC_WARN_UNDECLARED_SELECTOR = YES;
				GCC_WARN_UNINITIALIZED_AUTOS = YES_AGGRESSIVE;
				GCC_WARN_UNUSED_FUNCTION = YES;
				GCC_WARN_UNUSED_VARIABLE = YES;
				IPHONEOS_DEPLOYMENT_TARGET = 12.1;
				MTL_ENABLE_DEBUG_INFO = INCLUDE_SOURCE;
				MTL_FAST_MATH = YES;
				ONLY_ACTIVE_ARCH = YES;
				SDKROOT = iphoneos;
				SWIFT_ACTIVE_COMPILATION_CONDITIONS = DEBUG;
				SWIFT_OPTIMIZATION_LEVEL = "-Onone";
			};
			name = Debug;
		};
		9B3C14CE223EDD59008DA9DA /* Release */ = {
			isa = XCBuildConfiguration;
			buildSettings = {
				ALWAYS_SEARCH_USER_PATHS = NO;
				CLANG_ANALYZER_NONNULL = YES;
				CLANG_ANALYZER_NUMBER_OBJECT_CONVERSION = YES_AGGRESSIVE;
				CLANG_CXX_LANGUAGE_STANDARD = "gnu++14";
				CLANG_CXX_LIBRARY = "libc++";
				CLANG_ENABLE_MODULES = YES;
				CLANG_ENABLE_OBJC_ARC = YES;
				CLANG_ENABLE_OBJC_WEAK = YES;
				CLANG_WARN_BLOCK_CAPTURE_AUTORELEASING = YES;
				CLANG_WARN_BOOL_CONVERSION = YES;
				CLANG_WARN_COMMA = YES;
				CLANG_WARN_CONSTANT_CONVERSION = YES;
				CLANG_WARN_DEPRECATED_OBJC_IMPLEMENTATIONS = YES;
				CLANG_WARN_DIRECT_OBJC_ISA_USAGE = YES_ERROR;
				CLANG_WARN_DOCUMENTATION_COMMENTS = YES;
				CLANG_WARN_EMPTY_BODY = YES;
				CLANG_WARN_ENUM_CONVERSION = YES;
				CLANG_WARN_INFINITE_RECURSION = YES;
				CLANG_WARN_INT_CONVERSION = YES;
				CLANG_WARN_NON_LITERAL_NULL_CONVERSION = YES;
				CLANG_WARN_OBJC_IMPLICIT_RETAIN_SELF = YES;
				CLANG_WARN_OBJC_LITERAL_CONVERSION = YES;
				CLANG_WARN_OBJC_ROOT_CLASS = YES_ERROR;
				CLANG_WARN_RANGE_LOOP_ANALYSIS = YES;
				CLANG_WARN_STRICT_PROTOTYPES = YES;
				CLANG_WARN_SUSPICIOUS_MOVE = YES;
				CLANG_WARN_UNGUARDED_AVAILABILITY = YES_AGGRESSIVE;
				CLANG_WARN_UNREACHABLE_CODE = YES;
				CLANG_WARN__DUPLICATE_METHOD_MATCH = YES;
				CODE_SIGN_IDENTITY = "iPhone Developer";
				COPY_PHASE_STRIP = NO;
				DEBUG_INFORMATION_FORMAT = "dwarf-with-dsym";
				ENABLE_NS_ASSERTIONS = NO;
				ENABLE_STRICT_OBJC_MSGSEND = YES;
				GCC_C_LANGUAGE_STANDARD = gnu11;
				GCC_NO_COMMON_BLOCKS = YES;
				GCC_WARN_64_TO_32_BIT_CONVERSION = YES;
				GCC_WARN_ABOUT_RETURN_TYPE = YES_ERROR;
				GCC_WARN_UNDECLARED_SELECTOR = YES;
				GCC_WARN_UNINITIALIZED_AUTOS = YES_AGGRESSIVE;
				GCC_WARN_UNUSED_FUNCTION = YES;
				GCC_WARN_UNUSED_VARIABLE = YES;
				IPHONEOS_DEPLOYMENT_TARGET = 12.1;
				MTL_ENABLE_DEBUG_INFO = NO;
				MTL_FAST_MATH = YES;
				SDKROOT = iphoneos;
				SWIFT_COMPILATION_MODE = wholemodule;
				SWIFT_OPTIMIZATION_LEVEL = "-O";
				VALIDATE_PRODUCT = YES;
			};
			name = Release;
		};
		9B3C14D0223EDD59008DA9DA /* Debug */ = {
			isa = XCBuildConfiguration;
			buildSettings = {
				ASSETCATALOG_COMPILER_APPICON_NAME = AppIcon;
				CODE_SIGN_STYLE = Automatic;
				DEVELOPMENT_TEAM = 47UHAV43Z9;
				INFOPLIST_FILE = "NASA-Apod/Info.plist";
				LD_RUNPATH_SEARCH_PATHS = (
					"$(inherited)",
					"@executable_path/Frameworks",
				);
				PRODUCT_BUNDLE_IDENTIFIER = "com.robbaldwin.NASA-Apod";
				PRODUCT_NAME = "$(TARGET_NAME)";
				SWIFT_VERSION = 4.2;
				TARGETED_DEVICE_FAMILY = "1,2";
			};
			name = Debug;
		};
		9B3C14D1223EDD59008DA9DA /* Release */ = {
			isa = XCBuildConfiguration;
			buildSettings = {
				ASSETCATALOG_COMPILER_APPICON_NAME = AppIcon;
				CODE_SIGN_STYLE = Automatic;
				DEVELOPMENT_TEAM = 47UHAV43Z9;
				INFOPLIST_FILE = "NASA-Apod/Info.plist";
				LD_RUNPATH_SEARCH_PATHS = (
					"$(inherited)",
					"@executable_path/Frameworks",
				);
				PRODUCT_BUNDLE_IDENTIFIER = "com.robbaldwin.NASA-Apod";
				PRODUCT_NAME = "$(TARGET_NAME)";
				SWIFT_VERSION = 4.2;
				TARGETED_DEVICE_FAMILY = "1,2";
			};
			name = Release;
		};
/* End XCBuildConfiguration section */

/* Begin XCConfigurationList section */
		9B3C14B8223EDD57008DA9DA /* Build configuration list for PBXProject "NASA-Apod" */ = {
			isa = XCConfigurationList;
			buildConfigurations = (
				9B3C14CD223EDD59008DA9DA /* Debug */,
				9B3C14CE223EDD59008DA9DA /* Release */,
			);
			defaultConfigurationIsVisible = 0;
			defaultConfigurationName = Release;
		};
		9B3C14CF223EDD59008DA9DA /* Build configuration list for PBXNativeTarget "NASA-Apod" */ = {
			isa = XCConfigurationList;
			buildConfigurations = (
				9B3C14D0223EDD59008DA9DA /* Debug */,
				9B3C14D1223EDD59008DA9DA /* Release */,
			);
			defaultConfigurationIsVisible = 0;
			defaultConfigurationName = Release;
		};
/* End XCConfigurationList section */
	};
	rootObject = 9B3C14B5223EDD57008DA9DA /* Project object */;
}
